
Microsoft Visual Studio Solution File, Format Version 12.00
# Visual Studio Version 17
VisualStudioVersion = 17.14.36518.9 d17.14
MinimumVisualStudioVersion = 10.0.40219.1
Project("{2150E333-8FDC-42A3-9474-1A3956D46DE8}") = "Task0", "Task0", "{02EA681E-C7D8-13C7-8484-4AC65E1B71E8}"
EndProject
Project("{FAE04EC0-301F-11D3-BF4B-00C04F79EFBC}") = "Tyuiu.IvanovMS.Sprint0.Task0.V0", "Tyuiu.IvanovMS.Sprint0.Task0.V0\Tyuiu.IvanovMS.Sprint0.Task0.V0.csproj", "{F1077D35-9C92-4852-A6F7-BC8C2D216B08}"
EndProject
Project("{2150E333-8FDC-42A3-9474-1A3956D46DE8}") = "Task1", "Task1", "{6E1E462B-25EB-45D5-A83A-3592D662251D}"
EndProject
Project("{FAE04EC0-301F-11D3-BF4B-00C04F79EFBC}") = "Tyuiu.IvanovMS.Sprint0.Task1.V0", "Tyuiu.IvanovMS.Sprint0.Task1.V0\Tyuiu.IvanovMS.Sprint0.Task1.V0.csproj", "{E8C0D658-7911-44D1-9E9C-8C135D05BC7C}"
EndProject
Project("{2150E333-8FDC-42A3-9474-1A3956D46DE8}") = "Task2", "Task2", "{AA844D81-C0F8-4F4F-BE00-9D49DC33EEA4}"
EndProject
Project("{FAE04EC0-301F-11D3-BF4B-00C04F79EFBC}") = "Tyuiu.IvanovMS.Sprint0.Task2.V0", "Tyuiu.IvanovMS.Sprint0.Task2.V0\Tyuiu.IvanovMS.Sprint0.Task2.V0.csproj", "{630558C7-88CE-4F18-A7B1-998D48473A29}"
EndProject
Project("{FAE04EC0-301F-11D3-BF4B-00C04F79EFBC}") = "Tyuiu.IvanovMS.Sprint0.Task2.V0.Lib", "Tyuiu.IvanovMS.Sprint0.Task2.V0.Lib\Tyuiu.IvanovMS.Sprint0.Task2.V0.Lib.csproj", "{DE1216C1-C68B-4E74-9C63-011CAEA1F0A4}"
EndProject
Project("{FAE04EC0-301F-11D3-BF4B-00C04F79EFBC}") = "Tyuiu.IvanovMS.Sprint0.Task2.V0.Test", "Tyuiu.IvanovMS.Sprint0.Task2.V0.Test\Tyuiu.IvanovMS.Sprint0.Task2.V0.Test.csproj", "{E5718F43-17F8-4BC7-92CC-151F4D7B3D2F}"
EndProject
Project("{2150E333-8FDC-42A3-9474-1A3956D46DE8}") = "Task3", "Task3", "{42F8C5BD-EEE6-46EC-9B99-7150B726697C}"
EndProject
Project("{FAE04EC0-301F-11D3-BF4B-00C04F79EFBC}") = "Tyuiu.IvanovMS.Sprint0.Task3.V0", "Tyuiu.IvanovMS.Sprint0.Task3.V0\Tyuiu.IvanovMS.Sprint0.Task3.V0.csproj", "{89309896-DA1F-4B82-942F-46FEBA74DACC}"
EndProject
Project("{FAE04EC0-301F-11D3-BF4B-00C04F79EFBC}") = "Tyuiu.IvanovMS.Sprint0.Task3.V0.Lib", "Tyuiu.IvanovMS.Sprint0.Task3.V0.Lib\Tyuiu.IvanovMS.Sprint0.Task3.V0.Lib.csproj", "{9AD4CEFC-AD77-45C5-948F-BDC9C5C99431}"
EndProject
Project("{FAE04EC0-301F-11D3-BF4B-00C04F79EFBC}") = "Tyuiu.IvanovMS.Sprint0.Task3.V0.Test", "Tyuiu.IvanovMS.Sprint0.Task3.V0.Test\Tyuiu.IvanovMS.Sprint0.Task3.V0.Test.csproj", "{EFC90B41-3EAF-4790-A072-851C714177ED}"
EndProject
Project("{2150E333-8FDC-42A3-9474-1A3956D46DE8}") = "Task4", "Task4", "{E8C2EAEA-A1C0-4EDA-8983-6BDCCD3A21FB}"
EndProject
Project("{FAE04EC0-301F-11D3-BF4B-00C04F79EFBC}") = "Tyuiu.IvanovMS.Sprint0.Task4.V0", "Tyuiu.IvanovMS.Sprint0.Task4.V0\Tyuiu.IvanovMS.Sprint0.Task4.V0.csproj", "{EEBCAF23-0EF7-4812-9B97-6A36392A96E4}"
EndProject
Project("{FAE04EC0-301F-11D3-BF4B-00C04F79EFBC}") = "Tyuiu.IvanovMS.Sprint0.Task4.V0.Lib", "Tyuiu.IvanovMS.Sprint0.Task4.V0.Lib\Tyuiu.IvanovMS.Sprint0.Task4.V0.Lib.csproj", "{58BA8B6C-7370-486A-9A25-93AEA570CBF6}"
EndProject
Project("{FAE04EC0-301F-11D3-BF4B-00C04F79EFBC}") = "Tyuiu.IvanovMS.Sprint0.Task4.V0.Test", "Tyuiu.IvanovMS.Sprint0.Task4.V0.Test\Tyuiu.IvanovMS.Sprint0.Task4.V0.Test.csproj", "{F8A3160C-1C66-47FB-A2ED-C5AE0F499F97}"
EndProject
Project("{2150E333-8FDC-42A3-9474-1A3956D46DE8}") = "Task5", "Task5", "{D3998E24-474A-4A2F-83C1-52352CCFCF4C}"
EndProject
Project("{FAE04EC0-301F-11D3-BF4B-00C04F79EFBC}") = "Tyuiu.IvanovMS.Sprint0.Task5.V0", "Tyuiu.IvanovMS.Sprint0.Task5.V0\Tyuiu.IvanovMS.Sprint0.Task5.V0.csproj", "{0F27CEFC-A295-4AF9-86F4-BFF3AAB97B96}"
EndProject
Project("{FAE04EC0-301F-11D3-BF4B-00C04F79EFBC}") = "Tyuiu.IvanovMS.Sprint0.Task5.V0.Lib", "Tyuiu.IvanovMS.Sprint0.Task5.V0.Lib\Tyuiu.IvanovMS.Sprint0.Task5.V0.Lib.csproj", "{4AD19CB1-1C47-4C72-A352-4FA655F3C4D1}"
EndProject
Project("{FAE04EC0-301F-11D3-BF4B-00C04F79EFBC}") = "Tyuiu.IvanovMS.Sprint0.Task5.V0.Test", "Tyuiu.IvanovMS.Sprint0.Task5.V0.Test\Tyuiu.IvanovMS.Sprint0.Task5.V0.Test.csproj", "{CD265AFC-B01B-4A9E-B35F-821124CFBD8A}"
EndProject
Project("{2150E333-8FDC-42A3-9474-1A3956D46DE8}") = "Task6", "Task6", "{A43B95E3-BBBE-4F7E-9920-A460EA26E52C}"
EndProject
Project("{FAE04EC0-301F-11D3-BF4B-00C04F79EFBC}") = "Tyuiu.IvanovMS.Sprint0.Task6.V0", "Tyuiu.IvanovMS.Sprint0.Task6.V0\Tyuiu.IvanovMS.Sprint0.Task6.V0.csproj", "{E3EBFC8E-8CE4-4175-84E3-6D7F0FED60BC}"
EndProject
Project("{FAE04EC0-301F-11D3-BF4B-00C04F79EFBC}") = "Tyuiu.IvanovMS.Sprint0.Task6.V0.Lib", "Tyuiu.IvanovMS.Sprint0.Task6.V0.Lib\Tyuiu.IvanovMS.Sprint0.Task6.V0.Lib.csproj", "{592166BA-7A84-443C-A5D9-CF011D8CB041}"
EndProject
Project("{FAE04EC0-301F-11D3-BF4B-00C04F79EFBC}") = "Tyuiu.IvanovMS.Sprint0.Task6.V0.Test", "Tyuiu.IvanovMS.Sprint0.Task6.V0.Test\Tyuiu.IvanovMS.Sprint0.Task6.V0.Test.csproj", "{3652817F-E869-4268-9990-550933554515}"
EndProject
Global
	GlobalSection(SolutionConfigurationPlatforms) = preSolution
		Debug|Any CPU = Debug|Any CPU
		Release|Any CPU = Release|Any CPU
	EndGlobalSection
	GlobalSection(ProjectConfigurationPlatforms) = postSolution
		{F1077D35-9C92-4852-A6F7-BC8C2D216B08}.Debug|Any CPU.ActiveCfg = Debug|Any CPU
		{F1077D35-9C92-4852-A6F7-BC8C2D216B08}.Debug|Any CPU.Build.0 = Debug|Any CPU
		{F1077D35-9C92-4852-A6F7-BC8C2D216B08}.Release|Any CPU.ActiveCfg = Release|Any CPU
		{F1077D35-9C92-4852-A6F7-BC8C2D216B08}.Release|Any CPU.Build.0 = Release|Any CPU
		{E8C0D658-7911-44D1-9E9C-8C135D05BC7C}.Debug|Any CPU.ActiveCfg = Debug|Any CPU
		{E8C0D658-7911-44D1-9E9C-8C135D05BC7C}.Debug|Any CPU.Build.0 = Debug|Any CPU
		{E8C0D658-7911-44D1-9E9C-8C135D05BC7C}.Release|Any CPU.ActiveCfg = Release|Any CPU
		{E8C0D658-7911-44D1-9E9C-8C135D05BC7C}.Release|Any CPU.Build.0 = Release|Any CPU
		{630558C7-88CE-4F18-A7B1-998D48473A29}.Debug|Any CPU.ActiveCfg = Debug|Any CPU
		{630558C7-88CE-4F18-A7B1-998D48473A29}.Debug|Any CPU.Build.0 = Debug|Any CPU
		{630558C7-88CE-4F18-A7B1-998D48473A29}.Release|Any CPU.ActiveCfg = Release|Any CPU
		{630558C7-88CE-4F18-A7B1-998D48473A29}.Release|Any CPU.Build.0 = Release|Any CPU
		{DE1216C1-C68B-4E74-9C63-011CAEA1F0A4}.Debug|Any CPU.ActiveCfg = Debug|Any CPU
		{DE1216C1-C68B-4E74-9C63-011CAEA1F0A4}.Debug|Any CPU.Build.0 = Debug|Any CPU
		{DE1216C1-C68B-4E74-9C63-011CAEA1F0A4}.Release|Any CPU.ActiveCfg = Release|Any CPU
		{DE1216C1-C68B-4E74-9C63-011CAEA1F0A4}.Release|Any CPU.Build.0 = Release|Any CPU
		{E5718F43-17F8-4BC7-92CC-151F4D7B3D2F}.Debug|Any CPU.ActiveCfg = Debug|Any CPU
		{E5718F43-17F8-4BC7-92CC-151F4D7B3D2F}.Debug|Any CPU.Build.0 = Debug|Any CPU
		{E5718F43-17F8-4BC7-92CC-151F4D7B3D2F}.Release|Any CPU.ActiveCfg = Release|Any CPU
		{E5718F43-17F8-4BC7-92CC-151F4D7B3D2F}.Release|Any CPU.Build.0 = Release|Any CPU
		{89309896-DA1F-4B82-942F-46FEBA74DACC}.Debug|Any CPU.ActiveCfg = Debug|Any CPU
		{89309896-DA1F-4B82-942F-46FEBA74DACC}.Debug|Any CPU.Build.0 = Debug|Any CPU
		{89309896-DA1F-4B82-942F-46FEBA74DACC}.Release|Any CPU.ActiveCfg = Release|Any CPU
		{89309896-DA1F-4B82-942F-46FEBA74DACC}.Release|Any CPU.Build.0 = Release|Any CPU
		{9AD4CEFC-AD77-45C5-948F-BDC9C5C99431}.Debug|Any CPU.ActiveCfg = Debug|Any CPU
		{9AD4CEFC-AD77-45C5-948F-BDC9C5C99431}.Debug|Any CPU.Build.0 = Debug|Any CPU
		{9AD4CEFC-AD77-45C5-948F-BDC9C5C99431}.Release|Any CPU.ActiveCfg = Release|Any CPU
		{9AD4CEFC-AD77-45C5-948F-BDC9C5C99431}.Release|Any CPU.Build.0 = Release|Any CPU
		{EFC90B41-3EAF-4790-A072-851C714177ED}.Debug|Any CPU.ActiveCfg = Debug|Any CPU
		{EFC90B41-3EAF-4790-A072-851C714177ED}.Debug|Any CPU.Build.0 = Debug|Any CPU
		{EFC90B41-3EAF-4790-A072-851C714177ED}.Release|Any CPU.ActiveCfg = Release|Any CPU
		{EFC90B41-3EAF-4790-A072-851C714177ED}.Release|Any CPU.Build.0 = Release|Any CPU
		{EEBCAF23-0EF7-4812-9B97-6A36392A96E4}.Debug|Any CPU.ActiveCfg = Debug|Any CPU
		{EEBCAF23-0EF7-4812-9B97-6A36392A96E4}.Debug|Any CPU.Build.0 = Debug|Any CPU
		{EEBCAF23-0EF7-4812-9B97-6A36392A96E4}.Release|Any CPU.ActiveCfg = Release|Any CPU
		{EEBCAF23-0EF7-4812-9B97-6A36392A96E4}.Release|Any CPU.Build.0 = Release|Any CPU
		{58BA8B6C-7370-486A-9A25-93AEA570CBF6}.Debug|Any CPU.ActiveCfg = Debug|Any CPU
		{58BA8B6C-7370-486A-9A25-93AEA570CBF6}.Debug|Any CPU.Build.0 = Debug|Any CPU
		{58BA8B6C-7370-486A-9A25-93AEA570CBF6}.Release|Any CPU.ActiveCfg = Release|Any CPU
		{58BA8B6C-7370-486A-9A25-93AEA570CBF6}.Release|Any CPU.Build.0 = Release|Any CPU
		{F8A3160C-1C66-47FB-A2ED-C5AE0F499F97}.Debug|Any CPU.ActiveCfg = Debug|Any CPU
		{F8A3160C-1C66-47FB-A2ED-C5AE0F499F97}.Debug|Any CPU.Build.0 = Debug|Any CPU
		{F8A3160C-1C66-47FB-A2ED-C5AE0F499F97}.Release|Any CPU.ActiveCfg = Release|Any CPU
		{F8A3160C-1C66-47FB-A2ED-C5AE0F499F97}.Release|Any CPU.Build.0 = Release|Any CPU
		{0F27CEFC-A295-4AF9-86F4-BFF3AAB97B96}.Debug|Any CPU.ActiveCfg = Debug|Any CPU
		{0F27CEFC-A295-4AF9-86F4-BFF3AAB97B96}.Debug|Any CPU.Build.0 = Debug|Any CPU
		{0F27CEFC-A295-4AF9-86F4-BFF3AAB97B96}.Release|Any CPU.ActiveCfg = Release|Any CPU
		{0F27CEFC-A295-4AF9-86F4-BFF3AAB97B96}.Release|Any CPU.Build.0 = Release|Any CPU
		{4AD19CB1-1C47-4C72-A352-4FA655F3C4D1}.Debug|Any CPU.ActiveCfg = Debug|Any CPU
		{4AD19CB1-1C47-4C72-A352-4FA655F3C4D1}.Debug|Any CPU.Build.0 = Debug|Any CPU
		{4AD19CB1-1C47-4C72-A352-4FA655F3C4D1}.Release|Any CPU.ActiveCfg = Release|Any CPU
		{4AD19CB1-1C47-4C72-A352-4FA655F3C4D1}.Release|Any CPU.Build.0 = Release|Any CPU
		{CD265AFC-B01B-4A9E-B35F-821124CFBD8A}.Debug|Any CPU.ActiveCfg = Debug|Any CPU
		{CD265AFC-B01B-4A9E-B35F-821124CFBD8A}.Debug|Any CPU.Build.0 = Debug|Any CPU
		{CD265AFC-B01B-4A9E-B35F-821124CFBD8A}.Release|Any CPU.ActiveCfg = Release|Any CPU
		{CD265AFC-B01B-4A9E-B35F-821124CFBD8A}.Release|Any CPU.Build.0 = Release|Any CPU
		{E3EBFC8E-8CE4-4175-84E3-6D7F0FED60BC}.Debug|Any CPU.ActiveCfg = Debug|Any CPU
		{E3EBFC8E-8CE4-4175-84E3-6D7F0FED60BC}.Debug|Any CPU.Build.0 = Debug|Any CPU
		{E3EBFC8E-8CE4-4175-84E3-6D7F0FED60BC}.Release|Any CPU.ActiveCfg = Release|Any CPU
		{E3EBFC8E-8CE4-4175-84E3-6D7F0FED60BC}.Release|Any CPU.Build.0 = Release|Any CPU
		{592166BA-7A84-443C-A5D9-CF011D8CB041}.Debug|Any CPU.ActiveCfg = Debug|Any CPU
		{592166BA-7A84-443C-A5D9-CF011D8CB041}.Debug|Any CPU.Build.0 = Debug|Any CPU
		{592166BA-7A84-443C-A5D9-CF011D8CB041}.Release|Any CPU.ActiveCfg = Release|Any CPU
		{592166BA-7A84-443C-A5D9-CF011D8CB041}.Release|Any CPU.Build.0 = Release|Any CPU
		{3652817F-E869-4268-9990-550933554515}.Debug|Any CPU.ActiveCfg = Debug|Any CPU
		{3652817F-E869-4268-9990-550933554515}.Debug|Any CPU.Build.0 = Debug|Any CPU
		{3652817F-E869-4268-9990-550933554515}.Release|Any CPU.ActiveCfg = Release|Any CPU
		{3652817F-E869-4268-9990-550933554515}.Release|Any CPU.Build.0 = Release|Any CPU
	EndGlobalSection
	GlobalSection(SolutionProperties) = preSolution
		HideSolutionNode = FALSE
	EndGlobalSection
	GlobalSection(NestedProjects) = preSolution
		{F1077D35-9C92-4852-A6F7-BC8C2D216B08} = {02EA681E-C7D8-13C7-8484-4AC65E1B71E8}
		{E8C0D658-7911-44D1-9E9C-8C135D05BC7C} = {6E1E462B-25EB-45D5-A83A-3592D662251D}
		{630558C7-88CE-4F18-A7B1-998D48473A29} = {AA844D81-C0F8-4F4F-BE00-9D49DC33EEA4}
		{DE1216C1-C68B-4E74-9C63-011CAEA1F0A4} = {AA844D81-C0F8-4F4F-BE00-9D49DC33EEA4}
		{E5718F43-17F8-4BC7-92CC-151F4D7B3D2F} = {AA844D81-C0F8-4F4F-BE00-9D49DC33EEA4}
		{89309896-DA1F-4B82-942F-46FEBA74DACC} = {42F8C5BD-EEE6-46EC-9B99-7150B726697C}
		{9AD4CEFC-AD77-45C5-948F-BDC9C5C99431} = {42F8C5BD-EEE6-46EC-9B99-7150B726697C}
		{EFC90B41-3EAF-4790-A072-851C714177ED} = {42F8C5BD-EEE6-46EC-9B99-7150B726697C}
		{EEBCAF23-0EF7-4812-9B97-6A36392A96E4} = {E8C2EAEA-A1C0-4EDA-8983-6BDCCD3A21FB}
		{58BA8B6C-7370-486A-9A25-93AEA570CBF6} = {E8C2EAEA-A1C0-4EDA-8983-6BDCCD3A21FB}
		{F8A3160C-1C66-47FB-A2ED-C5AE0F499F97} = {E8C2EAEA-A1C0-4EDA-8983-6BDCCD3A21FB}
		{0F27CEFC-A295-4AF9-86F4-BFF3AAB97B96} = {D3998E24-474A-4A2F-83C1-52352CCFCF4C}
		{4AD19CB1-1C47-4C72-A352-4FA655F3C4D1} = {D3998E24-474A-4A2F-83C1-52352CCFCF4C}
		{CD265AFC-B01B-4A9E-B35F-821124CFBD8A} = {D3998E24-474A-4A2F-83C1-52352CCFCF4C}
		{E3EBFC8E-8CE4-4175-84E3-6D7F0FED60BC} = {A43B95E3-BBBE-4F7E-9920-A460EA26E52C}
		{592166BA-7A84-443C-A5D9-CF011D8CB041} = {A43B95E3-BBBE-4F7E-9920-A460EA26E52C}
		{3652817F-E869-4268-9990-550933554515} = {A43B95E3-BBBE-4F7E-9920-A460EA26E52C}
	EndGlobalSection
	GlobalSection(ExtensibilityGlobals) = postSolution
		SolutionGuid = {49111BB3-5C04-4F47-A95A-9F1497B73DE8}
	EndGlobalSection
EndGlobal
